
Microsoft Visual Studio Solution File, Format Version 12.00
# Visual Studio Version 17
VisualStudioVersion = 17.8.34408.163
MinimumVisualStudioVersion = 10.0.40219.1
Project("{FAE04EC0-301F-11D3-BF4B-00C04F79EFBC}") = "FundamentosBlazor", "FundamentosBlazor\FundamentosBlazor.csproj", "{96976A5D-2307-4A8F-9808-1495925C8837}"
EndProject
Global
	GlobalSection(SolutionConfigurationPlatforms) = preSolution
		Debug|Any CPU = Debug|Any CPU
		Release|Any CPU = Release|Any CPU
	EndGlobalSection
	GlobalSection(ProjectConfigurationPlatforms) = postSolution
		{96976A5D-2307-4A8F-9808-1495925C8837}.Debug|Any CPU.ActiveCfg = Debug|Any CPU
		{96976A5D-2307-4A8F-9808-1495925C8837}.Debug|Any CPU.Build.0 = Debug|Any CPU
		{96976A5D-2307-4A8F-9808-1495925C8837}.Release|Any CPU.ActiveCfg = Release|Any CPU
		{96976A5D-2307-4A8F-9808-1495925C8837}.Release|Any CPU.Build.0 = Release|Any CPU
	EndGlobalSection
	GlobalSection(SolutionProperties) = preSolution
		HideSolutionNode = FALSE
	EndGlobalSection
	GlobalSection(ExtensibilityGlobals) = postSolution
		SolutionGuid = {43FF07F4-140C-4B7C-BDC9-B774D9D22C5A}
	EndGlobalSection
EndGlobal
